
Microsoft Visual Studio Solution File, Format Version 12.00
# Visual Studio Version 16
VisualStudioVersion = 16.0.31624.102
MinimumVisualStudioVersion = 10.0.40219.1
Project("{FAE04EC0-301F-11D3-BF4B-00C04F79EFBC}") = "ConsoleAppдаа", "ConsoleAppдаа.csproj", "{F9BA94D6-C842-4FCB-882E-B1D5FF6EC891}"
EndProject
Global
	GlobalSection(SolutionConfigurationPlatforms) = preSolution
		Debug|Any CPU = Debug|Any CPU
		Release|Any CPU = Release|Any CPU
	EndGlobalSection
	GlobalSection(ProjectConfigurationPlatforms) = postSolution
		{F9BA94D6-C842-4FCB-882E-B1D5FF6EC891}.Debug|Any CPU.ActiveCfg = Debug|Any CPU
		{F9BA94D6-C842-4FCB-882E-B1D5FF6EC891}.Debug|Any CPU.Build.0 = Debug|Any CPU
		{F9BA94D6-C842-4FCB-882E-B1D5FF6EC891}.Release|Any CPU.ActiveCfg = Release|Any CPU
		{F9BA94D6-C842-4FCB-882E-B1D5FF6EC891}.Release|Any CPU.Build.0 = Release|Any CPU
	EndGlobalSection
	GlobalSection(SolutionProperties) = preSolution
		HideSolutionNode = FALSE
	EndGlobalSection
	GlobalSection(ExtensibilityGlobals) = postSolution
		SolutionGuid = {84F39668-B233-4E0F-9861-C5806C881C3E}
	EndGlobalSection
EndGlobal
